
Microsoft Visual Studio Solution File, Format Version 12.00
# Visual Studio Version 17
VisualStudioVersion = 17.8.34330.188
MinimumVisualStudioVersion = 10.0.40219.1
Project("{FAE04EC0-301F-11D3-BF4B-00C04F79EFBC}") = "Task1", "Task1\Task1.csproj", "{BCBF8E45-CC35-4276-8C3D-02001AFEF77D}"
EndProject
Project("{FAE04EC0-301F-11D3-BF4B-00C04F79EFBC}") = "Task2", "Task2\Task2.csproj", "{7B420785-D7C0-4073-A81E-40214CF4EC7D}"
EndProject
Project("{FAE04EC0-301F-11D3-BF4B-00C04F79EFBC}") = "Task3", "Task3\Task3.csproj", "{BBCE20DA-B7E9-48AB-8847-71D75358151D}"
EndProject
Global
	GlobalSection(SolutionConfigurationPlatforms) = preSolution
		Debug|Any CPU = Debug|Any CPU
		Release|Any CPU = Release|Any CPU
	EndGlobalSection
	GlobalSection(ProjectConfigurationPlatforms) = postSolution
		{BCBF8E45-CC35-4276-8C3D-02001AFEF77D}.Debug|Any CPU.ActiveCfg = Debug|Any CPU
		{BCBF8E45-CC35-4276-8C3D-02001AFEF77D}.Debug|Any CPU.Build.0 = Debug|Any CPU
		{BCBF8E45-CC35-4276-8C3D-02001AFEF77D}.Release|Any CPU.ActiveCfg = Release|Any CPU
		{BCBF8E45-CC35-4276-8C3D-02001AFEF77D}.Release|Any CPU.Build.0 = Release|Any CPU
		{7B420785-D7C0-4073-A81E-40214CF4EC7D}.Debug|Any CPU.ActiveCfg = Debug|Any CPU
		{7B420785-D7C0-4073-A81E-40214CF4EC7D}.Debug|Any CPU.Build.0 = Debug|Any CPU
		{7B420785-D7C0-4073-A81E-40214CF4EC7D}.Release|Any CPU.ActiveCfg = Release|Any CPU
		{7B420785-D7C0-4073-A81E-40214CF4EC7D}.Release|Any CPU.Build.0 = Release|Any CPU
		{BBCE20DA-B7E9-48AB-8847-71D75358151D}.Debug|Any CPU.ActiveCfg = Debug|Any CPU
		{BBCE20DA-B7E9-48AB-8847-71D75358151D}.Debug|Any CPU.Build.0 = Debug|Any CPU
		{BBCE20DA-B7E9-48AB-8847-71D75358151D}.Release|Any CPU.ActiveCfg = Release|Any CPU
		{BBCE20DA-B7E9-48AB-8847-71D75358151D}.Release|Any CPU.Build.0 = Release|Any CPU
	EndGlobalSection
	GlobalSection(SolutionProperties) = preSolution
		HideSolutionNode = FALSE
	EndGlobalSection
	GlobalSection(ExtensibilityGlobals) = postSolution
		SolutionGuid = {D13E0445-E75B-4561-BE31-5EE5C85AD30C}
	EndGlobalSection
EndGlobal
