
Microsoft Visual Studio Solution File, Format Version 12.00
# Visual Studio Version 17
VisualStudioVersion = 17.9.34622.214
MinimumVisualStudioVersion = 10.0.40219.1
Project("{FAE04EC0-301F-11D3-BF4B-00C04F79EFBC}") = "Task1", "Task1\Task1.csproj", "{F247AE68-F984-419E-885E-BF5CADDB9ED3}"
EndProject
Project("{FAE04EC0-301F-11D3-BF4B-00C04F79EFBC}") = "Task2", "Task2\Task2.csproj", "{88E9CE27-B570-4C27-B711-84EAAF09A372}"
EndProject
Global
	GlobalSection(SolutionConfigurationPlatforms) = preSolution
		Debug|Any CPU = Debug|Any CPU
		Release|Any CPU = Release|Any CPU
	EndGlobalSection
	GlobalSection(ProjectConfigurationPlatforms) = postSolution
		{F247AE68-F984-419E-885E-BF5CADDB9ED3}.Debug|Any CPU.ActiveCfg = Debug|Any CPU
		{F247AE68-F984-419E-885E-BF5CADDB9ED3}.Debug|Any CPU.Build.0 = Debug|Any CPU
		{F247AE68-F984-419E-885E-BF5CADDB9ED3}.Release|Any CPU.ActiveCfg = Release|Any CPU
		{F247AE68-F984-419E-885E-BF5CADDB9ED3}.Release|Any CPU.Build.0 = Release|Any CPU
		{88E9CE27-B570-4C27-B711-84EAAF09A372}.Debug|Any CPU.ActiveCfg = Debug|Any CPU
		{88E9CE27-B570-4C27-B711-84EAAF09A372}.Debug|Any CPU.Build.0 = Debug|Any CPU
		{88E9CE27-B570-4C27-B711-84EAAF09A372}.Release|Any CPU.ActiveCfg = Release|Any CPU
		{88E9CE27-B570-4C27-B711-84EAAF09A372}.Release|Any CPU.Build.0 = Release|Any CPU
	EndGlobalSection
	GlobalSection(SolutionProperties) = preSolution
		HideSolutionNode = FALSE
	EndGlobalSection
	GlobalSection(ExtensibilityGlobals) = postSolution
		SolutionGuid = {6152BA45-1E3D-46D8-9B64-F5E63170C8BB}
	EndGlobalSection
EndGlobal
