
Microsoft Visual Studio Solution File, Format Version 12.00
# Visual Studio Version 17
VisualStudioVersion = 17.9.34622.214
MinimumVisualStudioVersion = 10.0.40219.1
Project("{FAE04EC0-301F-11D3-BF4B-00C04F79EFBC}") = "Task3", "Task3\Task3.csproj", "{BD474BBB-AFDA-4AF7-8193-320601ECB6CE}"
EndProject
Project("{FAE04EC0-301F-11D3-BF4B-00C04F79EFBC}") = "Task1", "Task1\Task1.csproj", "{5F794393-CD51-414B-B11C-456FBFED9E18}"
EndProject
Project("{FAE04EC0-301F-11D3-BF4B-00C04F79EFBC}") = "Task2", "Task2\Task2.csproj", "{29565A3E-10A7-4444-8F9E-19EB7E3C297D}"
EndProject
Global
	GlobalSection(SolutionConfigurationPlatforms) = preSolution
		Debug|Any CPU = Debug|Any CPU
		Release|Any CPU = Release|Any CPU
	EndGlobalSection
	GlobalSection(ProjectConfigurationPlatforms) = postSolution
		{BD474BBB-AFDA-4AF7-8193-320601ECB6CE}.Debug|Any CPU.ActiveCfg = Debug|Any CPU
		{BD474BBB-AFDA-4AF7-8193-320601ECB6CE}.Debug|Any CPU.Build.0 = Debug|Any CPU
		{BD474BBB-AFDA-4AF7-8193-320601ECB6CE}.Release|Any CPU.ActiveCfg = Release|Any CPU
		{BD474BBB-AFDA-4AF7-8193-320601ECB6CE}.Release|Any CPU.Build.0 = Release|Any CPU
		{5F794393-CD51-414B-B11C-456FBFED9E18}.Debug|Any CPU.ActiveCfg = Debug|Any CPU
		{5F794393-CD51-414B-B11C-456FBFED9E18}.Debug|Any CPU.Build.0 = Debug|Any CPU
		{5F794393-CD51-414B-B11C-456FBFED9E18}.Release|Any CPU.ActiveCfg = Release|Any CPU
		{5F794393-CD51-414B-B11C-456FBFED9E18}.Release|Any CPU.Build.0 = Release|Any CPU
		{29565A3E-10A7-4444-8F9E-19EB7E3C297D}.Debug|Any CPU.ActiveCfg = Debug|Any CPU
		{29565A3E-10A7-4444-8F9E-19EB7E3C297D}.Debug|Any CPU.Build.0 = Debug|Any CPU
		{29565A3E-10A7-4444-8F9E-19EB7E3C297D}.Release|Any CPU.ActiveCfg = Release|Any CPU
		{29565A3E-10A7-4444-8F9E-19EB7E3C297D}.Release|Any CPU.Build.0 = Release|Any CPU
	EndGlobalSection
	GlobalSection(SolutionProperties) = preSolution
		HideSolutionNode = FALSE
	EndGlobalSection
	GlobalSection(ExtensibilityGlobals) = postSolution
		SolutionGuid = {DCFC9A8B-F106-4BE6-9171-94E37A261CDB}
	EndGlobalSection
EndGlobal
